github.com/leaanthony/clir v1.7.0 h1:xiAnhl7ryPwuH3ERwPWZp/pCHk8wTeiwuAOt6MiNyAw=
github.com/leaanthony/clir v1.7.0/go.mod h1:k/RBkdkFl18xkkACMCLt09bhiZnrGORoxmomeMvDpE0=
github.com/logrusorgru/aurora/v4 v4.0.0 h1:sRjfPpun/63iADiSvGGjgA1cAYegEWMPCJdUpJYn9JA=
github.com/logrusorgru/aurora/v4 v4.0.0/go.mod h1:lP0iIa2nrnT/qoFXcOZSrZQpJ1o6n2CUf/hyHi2Q4ZQ=
